
Microsoft Visual Studio Solution File, Format Version 12.00
# Visual Studio Version 16
VisualStudioVersion = 16.0.30907.101
MinimumVisualStudioVersion = 10.0.40219.1
Project("{FAE04EC0-301F-11D3-BF4B-00C04F79EFBC}") = "Bonus13", "Bonus13\Bonus13.csproj", "{78D11352-28CE-41DD-B4A8-FE361AF8E976}"
EndProject
Global
	GlobalSection(SolutionConfigurationPlatforms) = preSolution
		Debug|Any CPU = Debug|Any CPU
		Release|Any CPU = Release|Any CPU
	EndGlobalSection
	GlobalSection(ProjectConfigurationPlatforms) = postSolution
		{78D11352-28CE-41DD-B4A8-FE361AF8E976}.Debug|Any CPU.ActiveCfg = Debug|Any CPU
		{78D11352-28CE-41DD-B4A8-FE361AF8E976}.Debug|Any CPU.Build.0 = Debug|Any CPU
		{78D11352-28CE-41DD-B4A8-FE361AF8E976}.Release|Any CPU.ActiveCfg = Release|Any CPU
		{78D11352-28CE-41DD-B4A8-FE361AF8E976}.Release|Any CPU.Build.0 = Release|Any CPU
	EndGlobalSection
	GlobalSection(SolutionProperties) = preSolution
		HideSolutionNode = FALSE
	EndGlobalSection
	GlobalSection(ExtensibilityGlobals) = postSolution
		SolutionGuid = {5B28F304-2583-4A5F-B3CD-467B33662A16}
	EndGlobalSection
EndGlobal
